// !$*UTF8*$!
{
	archiveVersion = 1;
	classes = {
	};
	objectVersion = 56;
	objects = {

/* Begin PBXBuildFile section */
		0E4990DA2A8158A800E0D396 /* JARVISApp.swift in Sources */ = {isa = PBXBuildFile; fileRef = 0E4990D92A8158A800E0D396 /* JARVISApp.swift */; };
		0E4990DC2A8158A800E0D396 /* ContentView.swift in Sources */ = {isa = PBXBuildFile; fileRef = 0E4990DB2A8158A800E0D396 /* ContentView.swift */; };
		0E4990DE2A8158AB00E0D396 /* Assets.xcassets in Resources */ = {isa = PBXBuildFile; fileRef = 0E4990DD2A8158AB00E0D396 /* Assets.xcassets */; };
		0E4990E12A8158AB00E0D396 /* Preview Assets.xcassets in Resources */ = {isa = PBXBuildFile; fileRef = 0E4990E02A8158AB00E0D396 /* Preview Assets.xcassets */; };
		0E4990EB2A8158AC00E0D396 /* JARVISTests.swift in Sources */ = {isa = PBXBuildFile; fileRef = 0E4990EA2A8158AC00E0D396 /* JARVISTests.swift */; };
		0E4990F52A8158AC00E0D396 /* JARVISUITests.swift in Sources */ = {isa = PBXBuildFile; fileRef = 0E4990F42A8158AC00E0D396 /* JARVISUITests.swift */; };
		0E4990F72A8158AC00E0D396 /* JARVISUITestsLaunchTests.swift in Sources */ = {isa = PBXBuildFile; fileRef = 0E4990F62A8158AC00E0D396 /* JARVISUITestsLaunchTests.swift */; };
		0E4991052A815A5600E0D396 /* SwiftOpenAI in Frameworks */ = {isa = PBXBuildFile; productRef = 0E4991042A815A5600E0D396 /* SwiftOpenAI */; };
		0E4991072A815A7200E0D396 /* ViewModel.swift in Sources */ = {isa = PBXBuildFile; fileRef = 0E4991062A815A7200E0D396 /* ViewModel.swift */; };
		0E49910A2A81606A00E0D396 /* TextMessageView.swift in Sources */ = {isa = PBXBuildFile; fileRef = 0E4991092A81606A00E0D396 /* TextMessageView.swift */; };
		0E52F7BB2A82B4FA00ACEC0D /* ConversationView.swift in Sources */ = {isa = PBXBuildFile; fileRef = 0E52F7BA2A82B4FA00ACEC0D /* ConversationView.swift */; };
/* End PBXBuildFile section */

/* Begin PBXContainerItemProxy section */
		0E4990E72A8158AC00E0D396 /* PBXContainerItemProxy */ = {
			isa = PBXContainerItemProxy;
			containerPortal = 0E4990CE2A8158A800E0D396 /* Project object */;
			proxyType = 1;
			remoteGlobalIDString = 0E4990D52A8158A800E0D396;
			remoteInfo = JARVIS;
		};
		0E4990F12A8158AC00E0D396 /* PBXContainerItemProxy */ = {
			isa = PBXContainerItemProxy;
			containerPortal = 0E4990CE2A8158A800E0D396 /* Project object */;
			proxyType = 1;
			remoteGlobalIDString = 0E4990D52A8158A800E0D396;
			remoteInfo = JARVIS;
		};
/* End PBXContainerItemProxy section */

/* Begin PBXFileReference section */
		0E4990D62A8158A800E0D396 /* JARVIS.app */ = {isa = PBXFileReference; explicitFileType = wrapper.application; includeInIndex = 0; path = JARVIS.app; sourceTree = BUILT_PRODUCTS_DIR; };
		0E4990D92A8158A800E0D396 /* JARVISApp.swift */ = {isa = PBXFileReference; lastKnownFileType = sourcecode.swift; path = JARVISApp.swift; sourceTree = "<group>"; };
		0E4990DB2A8158A800E0D396 /* ContentView.swift */ = {isa = PBXFileReference; lastKnownFileType = sourcecode.swift; path = ContentView.swift; sourceTree = "<group>"; };
		0E4990DD2A8158AB00E0D396 /* Assets.xcassets */ = {isa = PBXFileReference; lastKnownFileType = folder.assetcatalog; path = Assets.xcassets; sourceTree = "<group>"; };
		0E4990E02A8158AB00E0D396 /* Preview Assets.xcassets */ = {isa = PBXFileReference; lastKnownFileType = folder.assetcatalog; path = "Preview Assets.xcassets"; sourceTree = "<group>"; };
		0E4990E62A8158AC00E0D396 /* JARVISTests.xctest */ = {isa = PBXFileReference; explicitFileType = wrapper.cfbundle; includeInIndex = 0; path = JARVISTests.xctest; sourceTree = BUILT_PRODUCTS_DIR; };
		0E4990EA2A8158AC00E0D396 /* JARVISTests.swift */ = {isa = PBXFileReference; lastKnownFileType = sourcecode.swift; path = JARVISTests.swift; sourceTree = "<group>"; };
		0E4990F02A8158AC00E0D396 /* JARVISUITests.xctest */ = {isa = PBXFileReference; explicitFileType = wrapper.cfbundle; includeInIndex = 0; path = JARVISUITests.xctest; sourceTree = BUILT_PRODUCTS_DIR; };
		0E4990F42A8158AC00E0D396 /* JARVISUITests.swift */ = {isa = PBXFileReference; lastKnownFileType = sourcecode.swift; path = JARVISUITests.swift; sourceTree = "<group>"; };
		0E4990F62A8158AC00E0D396 /* JARVISUITestsLaunchTests.swift */ = {isa = PBXFileReference; lastKnownFileType = sourcecode.swift; path = JARVISUITestsLaunchTests.swift; sourceTree = "<group>"; };
		0E4991062A815A7200E0D396 /* ViewModel.swift */ = {isa = PBXFileReference; lastKnownFileType = sourcecode.swift; path = ViewModel.swift; sourceTree = "<group>"; };
		0E4991092A81606A00E0D396 /* TextMessageView.swift */ = {isa = PBXFileReference; lastKnownFileType = sourcecode.swift; path = TextMessageView.swift; sourceTree = "<group>"; };
		0E52F7BA2A82B4FA00ACEC0D /* ConversationView.swift */ = {isa = PBXFileReference; lastKnownFileType = sourcecode.swift; path = ConversationView.swift; sourceTree = "<group>"; };
/* End PBXFileReference section */

/* Begin PBXFrameworksBuildPhase section */
		0E4990D32A8158A800E0D396 /* Frameworks */ = {
			isa = PBXFrameworksBuildPhase;
			buildActionMask = 2147483647;
			files = (
				0E4991052A815A5600E0D396 /* SwiftOpenAI in Frameworks */,
			);
			runOnlyForDeploymentPostprocessing = 0;
		};
		0E4990E32A8158AC00E0D396 /* Frameworks */ = {
			isa = PBXFrameworksBuildPhase;
			buildActionMask = 2147483647;
			files = (
			);
			runOnlyForDeploymentPostprocessing = 0;
		};
		0E4990ED2A8158AC00E0D396 /* Frameworks */ = {
			isa = PBXFrameworksBuildPhase;
			buildActionMask = 2147483647;
			files = (
			);
			runOnlyForDeploymentPostprocessing = 0;
		};
/* End PBXFrameworksBuildPhase section */

/* Begin PBXGroup section */
		0E4990CD2A8158A800E0D396 = {
			isa = PBXGroup;
			children = (
				0E4990D82A8158A800E0D396 /* JARVIS */,
				0E4990E92A8158AC00E0D396 /* JARVISTests */,
				0E4990F32A8158AC00E0D396 /* JARVISUITests */,
				0E4990D72A8158A800E0D396 /* Products */,
			);
			sourceTree = "<group>";
		};
		0E4990D72A8158A800E0D396 /* Products */ = {
			isa = PBXGroup;
			children = (
				0E4990D62A8158A800E0D396 /* JARVIS.app */,
				0E4990E62A8158AC00E0D396 /* JARVISTests.xctest */,
				0E4990F02A8158AC00E0D396 /* JARVISUITests.xctest */,
			);
			name = Products;
			sourceTree = "<group>";
		};
		0E4990D82A8158A800E0D396 /* JARVIS */ = {
			isa = PBXGroup;
			children = (
				0E4991082A81601D00E0D396 /* Subviews */,
				0E4991062A815A7200E0D396 /* ViewModel.swift */,
				0E4990D92A8158A800E0D396 /* JARVISApp.swift */,
				0E4990DB2A8158A800E0D396 /* ContentView.swift */,
				0E4990DD2A8158AB00E0D396 /* Assets.xcassets */,
				0E4990DF2A8158AB00E0D396 /* Preview Content */,
			);
			path = JARVIS;
			sourceTree = "<group>";
		};
		0E4990DF2A8158AB00E0D396 /* Preview Content */ = {
			isa = PBXGroup;
			children = (
				0E4990E02A8158AB00E0D396 /* Preview Assets.xcassets */,
			);
			path = "Preview Content";
			sourceTree = "<group>";
		};
		0E4990E92A8158AC00E0D396 /* JARVISTests */ = {
			isa = PBXGroup;
			children = (
				0E4990EA2A8158AC00E0D396 /* JARVISTests.swift */,
			);
			path = JARVISTests;
			sourceTree = "<group>";
		};
		0E4990F32A8158AC00E0D396 /* JARVISUITests */ = {
			isa = PBXGroup;
			children = (
				0E4990F42A8158AC00E0D396 /* JARVISUITests.swift */,
				0E4990F62A8158AC00E0D396 /* JARVISUITestsLaunchTests.swift */,
			);
			path = JARVISUITests;
			sourceTree = "<group>";
		};
		0E4991082A81601D00E0D396 /* Subviews */ = {
			isa = PBXGroup;
			children = (
				0E4991092A81606A00E0D396 /* TextMessageView.swift */,
				0E52F7BA2A82B4FA00ACEC0D /* ConversationView.swift */,
			);
			path = Subviews;
			sourceTree = "<group>";
		};
/* End PBXGroup section */

/* Begin PBXNativeTarget section */
		0E4990D52A8158A800E0D396 /* JARVIS */ = {
			isa = PBXNativeTarget;
			buildConfigurationList = 0E4990FA2A8158AC00E0D396 /* Build configuration list for PBXNativeTarget "JARVIS" */;
			buildPhases = (
				0E4990D22A8158A800E0D396 /* Sources */,
				0E4990D32A8158A800E0D396 /* Frameworks */,
				0E4990D42A8158A800E0D396 /* Resources */,
			);
			buildRules = (
			);
			dependencies = (
			);
			name = JARVIS;
			packageProductDependencies = (
				0E4991042A815A5600E0D396 /* SwiftOpenAI */,
			);
			productName = JARVIS;
			productReference = 0E4990D62A8158A800E0D396 /* JARVIS.app */;
			productType = "com.apple.product-type.application";
		};
		0E4990E52A8158AC00E0D396 /* JARVISTests */ = {
			isa = PBXNativeTarget;
			buildConfigurationList = 0E4990FD2A8158AC00E0D396 /* Build configuration list for PBXNativeTarget "JARVISTests" */;
			buildPhases = (
				0E4990E22A8158AC00E0D396 /* Sources */,
				0E4990E32A8158AC00E0D396 /* Frameworks */,
				0E4990E42A8158AC00E0D396 /* Resources */,
			);
			buildRules = (
			);
			dependencies = (
				0E4990E82A8158AC00E0D396 /* PBXTargetDependency */,
			);
			name = JARVISTests;
			productName = JARVISTests;
			productReference = 0E4990E62A8158AC00E0D396 /* JARVISTests.xctest */;
			productType = "com.apple.product-type.bundle.unit-test";
		};
		0E4990EF2A8158AC00E0D396 /* JARVISUITests */ = {
			isa = PBXNativeTarget;
			buildConfigurationList = 0E4991002A8158AC00E0D396 /* Build configuration list for PBXNativeTarget "JARVISUITests" */;
			buildPhases = (
				0E4990EC2A8158AC00E0D396 /* Sources */,
				0E4990ED2A8158AC00E0D396 /* Frameworks */,
				0E4990EE2A8158AC00E0D396 /* Resources */,
			);
			buildRules = (
			);
			dependencies = (
				0E4990F22A8158AC00E0D396 /* PBXTargetDependency */,
			);
			name = JARVISUITests;
			productName = JARVISUITests;
			productReference = 0E4990F02A8158AC00E0D396 /* JARVISUITests.xctest */;
			productType = "com.apple.product-type.bundle.ui-testing";
		};
/* End PBXNativeTarget section */

/* Begin PBXProject section */
		0E4990CE2A8158A800E0D396 /* Project object */ = {
			isa = PBXProject;
			attributes = {
				BuildIndependentTargetsInParallel = 1;
				LastSwiftUpdateCheck = 1430;
				LastUpgradeCheck = 1430;
				TargetAttributes = {
					0E4990D52A8158A800E0D396 = {
						CreatedOnToolsVersion = 14.3.1;
					};
					0E4990E52A8158AC00E0D396 = {
						CreatedOnToolsVersion = 14.3.1;
						TestTargetID = 0E4990D52A8158A800E0D396;
					};
					0E4990EF2A8158AC00E0D396 = {
						CreatedOnToolsVersion = 14.3.1;
						TestTargetID = 0E4990D52A8158A800E0D396;
					};
				};
			};
			buildConfigurationList = 0E4990D12A8158A800E0D396 /* Build configuration list for PBXProject "JARVIS" */;
			compatibilityVersion = "Xcode 14.0";
			developmentRegion = en;
			hasScannedForEncodings = 0;
			knownRegions = (
				en,
				Base,
			);
			mainGroup = 0E4990CD2A8158A800E0D396;
			packageReferences = (
				0E4991032A815A5600E0D396 /* XCRemoteSwiftPackageReference "SwiftOpenAI" */,
			);
			productRefGroup = 0E4990D72A8158A800E0D396 /* Products */;
			projectDirPath = "";
			projectRoot = "";
			targets = (
				0E4990D52A8158A800E0D396 /* JARVIS */,
				0E4990E52A8158AC00E0D396 /* JARVISTests */,
				0E4990EF2A8158AC00E0D396 /* JARVISUITests */,
			);
		};
/* End PBXProject section */

/* Begin PBXResourcesBuildPhase section */
		0E4990D42A8158A800E0D396 /* Resources */ = {
			isa = PBXResourcesBuildPhase;
			buildActionMask = 2147483647;
			files = (
				0E4990E12A8158AB00E0D396 /* Preview Assets.xcassets in Resources */,
				0E4990DE2A8158AB00E0D396 /* Assets.xcassets in Resources */,
			);
			runOnlyForDeploymentPostprocessing = 0;
		};
		0E4990E42A8158AC00E0D396 /* Resources */ = {
			isa = PBXResourcesBuildPhase;
			buildActionMask = 2147483647;
			files = (
			);
			runOnlyForDeploymentPostprocessing = 0;
		};
		0E4990EE2A8158AC00E0D396 /* Resources */ = {
			isa = PBXResourcesBuildPhase;
			buildActionMask = 2147483647;
			files = (
			);
			runOnlyForDeploymentPostprocessing = 0;
		};
/* End PBXResourcesBuildPhase section */

/* Begin PBXSourcesBuildPhase section */
		0E4990D22A8158A800E0D396 /* Sources */ = {
			isa = PBXSourcesBuildPhase;
			buildActionMask = 2147483647;
			files = (
				0E4990DC2A8158A800E0D396 /* ContentView.swift in Sources */,
				0E49910A2A81606A00E0D396 /* TextMessageView.swift in Sources */,
				0E4991072A815A7200E0D396 /* ViewModel.swift in Sources */,
				0E4990DA2A8158A800E0D396 /* JARVISApp.swift in Sources */,
				0E52F7BB2A82B4FA00ACEC0D /* ConversationView.swift in Sources */,
			);
			runOnlyForDeploymentPostprocessing = 0;
		};
		0E4990E22A8158AC00E0D396 /* Sources */ = {
			isa = PBXSourcesBuildPhase;
			buildActionMask = 2147483647;
			files = (
				0E4990EB2A8158AC00E0D396 /* JARVISTests.swift in Sources */,
			);
			runOnlyForDeploymentPostprocessing = 0;
		};
		0E4990EC2A8158AC00E0D396 /* Sources */ = {
			isa = PBXSourcesBuildPhase;
			buildActionMask = 2147483647;
			files = (
				0E4990F52A8158AC00E0D396 /* JARVISUITests.swift in Sources */,
				0E4990F72A8158AC00E0D396 /* JARVISUITestsLaunchTests.swift in Sources */,
			);
			runOnlyForDeploymentPostprocessing = 0;
		};
/* End PBXSourcesBuildPhase section */

/* Begin PBXTargetDependency section */
		0E4990E82A8158AC00E0D396 /* PBXTargetDependency */ = {
			isa = PBXTargetDependency;
			target = 0E4990D52A8158A800E0D396 /* JARVIS */;
			targetProxy = 0E4990E72A8158AC00E0D396 /* PBXContainerItemProxy */;
		};
		0E4990F22A8158AC00E0D396 /* PBXTargetDependency */ = {
			isa = PBXTargetDependency;
			target = 0E4990D52A8158A800E0D396 /* JARVIS */;
			targetProxy = 0E4990F12A8158AC00E0D396 /* PBXContainerItemProxy */;
		};
/* End PBXTargetDependency section */

/* Begin XCBuildConfiguration section */
		0E4990F82A8158AC00E0D396 /* Debug */ = {
			isa = XCBuildConfiguration;
			buildSettings = {
				ALWAYS_SEARCH_USER_PATHS = NO;
				CLANG_ANALYZER_NONNULL = YES;
				CLANG_ANALYZER_NUMBER_OBJECT_CONVERSION = YES_AGGRESSIVE;
				CLANG_CXX_LANGUAGE_STANDARD = "gnu++20";
				CLANG_ENABLE_MODULES = YES;
				CLANG_ENABLE_OBJC_ARC = YES;
				CLANG_ENABLE_OBJC_WEAK = YES;
				CLANG_WARN_BLOCK_CAPTURE_AUTORELEASING = YES;
				CLANG_WARN_BOOL_CONVERSION = YES;
				CLANG_WARN_COMMA = YES;
				CLANG_WARN_CONSTANT_CONVERSION = YES;
				CLANG_WARN_DEPRECATED_OBJC_IMPLEMENTATIONS = YES;
				CLANG_WARN_DIRECT_OBJC_ISA_USAGE = YES_ERROR;
				CLANG_WARN_DOCUMENTATION_COMMENTS = YES;
				CLANG_WARN_EMPTY_BODY = YES;
				CLANG_WARN_ENUM_CONVERSION = YES;
				CLANG_WARN_INFINITE_RECURSION = YES;
				CLANG_WARN_INT_CONVERSION = YES;
				CLANG_WARN_NON_LITERAL_NULL_CONVERSION = YES;
				CLANG_WARN_OBJC_IMPLICIT_RETAIN_SELF = YES;
				CLANG_WARN_OBJC_LITERAL_CONVERSION = YES;
				CLANG_WARN_OBJC_ROOT_CLASS = YES_ERROR;
				CLANG_WARN_QUOTED_INCLUDE_IN_FRAMEWORK_HEADER = YES;
				CLANG_WARN_RANGE_LOOP_ANALYSIS = YES;
				CLANG_WARN_STRICT_PROTOTYPES = YES;
				CLANG_WARN_SUSPICIOUS_MOVE = YES;
				CLANG_WARN_UNGUARDED_AVAILABILITY = YES_AGGRESSIVE;
				CLANG_WARN_UNREACHABLE_CODE = YES;
				CLANG_WARN__DUPLICATE_METHOD_MATCH = YES;
				COPY_PHASE_STRIP = NO;
				DEBUG_INFORMATION_FORMAT = dwarf;
				ENABLE_STRICT_OBJC_MSGSEND = YES;
				ENABLE_TESTABILITY = YES;
				GCC_C_LANGUAGE_STANDARD = gnu11;
				GCC_DYNAMIC_NO_PIC = NO;
				GCC_NO_COMMON_BLOCKS = YES;
				GCC_OPTIMIZATION_LEVEL = 0;
				GCC_PREPROCESSOR_DEFINITIONS = (
					"DEBUG=1",
					"$(inherited)",
				);
				GCC_WARN_64_TO_32_BIT_CONVERSION = YES;
				GCC_WARN_ABOUT_RETURN_TYPE = YES_ERROR;
				GCC_WARN_UNDECLARED_SELECTOR = YES;
				GCC_WARN_UNINITIALIZED_AUTOS = YES_AGGRESSIVE;
				GCC_WARN_UNUSED_FUNCTION = YES;
				GCC_WARN_UNUSED_VARIABLE = YES;
				IPHONEOS_DEPLOYMENT_TARGET = 16.4;
				MTL_ENABLE_DEBUG_INFO = INCLUDE_SOURCE;
				MTL_FAST_MATH = YES;
				ONLY_ACTIVE_ARCH = YES;
				SDKROOT = iphoneos;
				SWIFT_ACTIVE_COMPILATION_CONDITIONS = DEBUG;
				SWIFT_OPTIMIZATION_LEVEL = "-Onone";
			};
			name = Debug;
		};
		0E4990F92A8158AC00E0D396 /* Release */ = {
			isa = XCBuildConfiguration;
			buildSettings = {
				ALWAYS_SEARCH_USER_PATHS = NO;
				CLANG_ANALYZER_NONNULL = YES;
				CLANG_ANALYZER_NUMBER_OBJECT_CONVERSION = YES_AGGRESSIVE;
				CLANG_CXX_LANGUAGE_STANDARD = "gnu++20";
				CLANG_ENABLE_MODULES = YES;
				CLANG_ENABLE_OBJC_ARC = YES;
				CLANG_ENABLE_OBJC_WEAK = YES;
				CLANG_WARN_BLOCK_CAPTURE_AUTORELEASING = YES;
				CLANG_WARN_BOOL_CONVERSION = YES;
				CLANG_WARN_COMMA = YES;
				CLANG_WARN_CONSTANT_CONVERSION = YES;
				CLANG_WARN_DEPRECATED_OBJC_IMPLEMENTATIONS = YES;
				CLANG_WARN_DIRECT_OBJC_ISA_USAGE = YES_ERROR;
				CLANG_WARN_DOCUMENTATION_COMMENTS = YES;
				CLANG_WARN_EMPTY_BODY = YES;
				CLANG_WARN_ENUM_CONVERSION = YES;
				CLANG_WARN_INFINITE_RECURSION = YES;
				CLANG_WARN_INT_CONVERSION = YES;
				CLANG_WARN_NON_LITERAL_NULL_CONVERSION = YES;
				CLANG_WARN_OBJC_IMPLICIT_RETAIN_SELF = YES;
				CLANG_WARN_OBJC_LITERAL_CONVERSION = YES;
				CLANG_WARN_OBJC_ROOT_CLASS = YES_ERROR;
				CLANG_WARN_QUOTED_INCLUDE_IN_FRAMEWORK_HEADER = YES;
				CLANG_WARN_RANGE_LOOP_ANALYSIS = YES;
				CLANG_WARN_STRICT_PROTOTYPES = YES;
				CLANG_WARN_SUSPICIOUS_MOVE = YES;
				CLANG_WARN_UNGUARDED_AVAILABILITY = YES_AGGRESSIVE;
				CLANG_WARN_UNREACHABLE_CODE = YES;
				CLANG_WARN__DUPLICATE_METHOD_MATCH = YES;
				COPY_PHASE_STRIP = NO;
				DEBUG_INFORMATION_FORMAT = "dwarf-with-dsym";
				ENABLE_NS_ASSERTIONS = NO;
				ENABLE_STRICT_OBJC_MSGSEND = YES;
				GCC_C_LANGUAGE_STANDARD = gnu11;
				GCC_NO_COMMON_BLOCKS = YES;
				GCC_WARN_64_TO_32_BIT_CONVERSION = YES;
				GCC_WARN_ABOUT_RETURN_TYPE = YES_ERROR;
				GCC_WARN_UNDECLARED_SELECTOR = YES;
				GCC_WARN_UNINITIALIZED_AUTOS = YES_AGGRESSIVE;
				GCC_WARN_UNUSED_FUNCTION = YES;
				GCC_WARN_UNUSED_VARIABLE = YES;
				IPHONEOS_DEPLOYMENT_TARGET = 16.4;
				MTL_ENABLE_DEBUG_INFO = NO;
				MTL_FAST_MATH = YES;
				SDKROOT = iphoneos;
				SWIFT_COMPILATION_MODE = wholemodule;
				SWIFT_OPTIMIZATION_LEVEL = "-O";
				VALIDATE_PRODUCT = YES;
			};
			name = Release;
		};
		0E4990FB2A8158AC00E0D396 /* Debug */ = {
			isa = XCBuildConfiguration;
			buildSettings = {
				ASSETCATALOG_COMPILER_APPICON_NAME = AppIcon;
				ASSETCATALOG_COMPILER_GLOBAL_ACCENT_COLOR_NAME = AccentColor;
				CODE_SIGN_STYLE = Automatic;
				CURRENT_PROJECT_VERSION = 1;
				DEVELOPMENT_ASSET_PATHS = "\"JARVIS/Preview Content\"";
				DEVELOPMENT_TEAM = D57ZVMDYL2;
				ENABLE_PREVIEWS = YES;
				GENERATE_INFOPLIST_FILE = YES;
				INFOPLIST_KEY_UIApplicationSceneManifest_Generation = YES;
				INFOPLIST_KEY_UIApplicationSupportsIndirectInputEvents = YES;
				INFOPLIST_KEY_UILaunchScreen_Generation = YES;
				INFOPLIST_KEY_UISupportedInterfaceOrientations_iPad = "UIInterfaceOrientationPortrait UIInterfaceOrientationPortraitUpsideDown UIInterfaceOrientationLandscapeLeft UIInterfaceOrientationLandscapeRight";
				INFOPLIST_KEY_UISupportedInterfaceOrientations_iPhone = "UIInterfaceOrientationPortrait UIInterfaceOrientationLandscapeLeft UIInterfaceOrientationLandscapeRight";
				LD_RUNPATH_SEARCH_PATHS = (
					"$(inherited)",
					"@executable_path/Frameworks",
				);
				MARKETING_VERSION = 1.0;
				PRODUCT_BUNDLE_IDENTIFIER = com.mejia.JARVIS;
				PRODUCT_NAME = "$(TARGET_NAME)";
				SWIFT_EMIT_LOC_STRINGS = YES;
				SWIFT_VERSION = 5.0;
				TARGETED_DEVICE_FAMILY = "1,2";
			};
			name = Debug;
		};
		0E4990FC2A8158AC00E0D396 /* Release */ = {
			isa = XCBuildConfiguration;
			buildSettings = {
				ASSETCATALOG_COMPILER_APPICON_NAME = AppIcon;
				ASSETCATALOG_COMPILER_GLOBAL_ACCENT_COLOR_NAME = AccentColor;
				CODE_SIGN_STYLE = Automatic;
				CURRENT_PROJECT_VERSION = 1;
				DEVELOPMENT_ASSET_PATHS = "\"JARVIS/Preview Content\"";
				DEVELOPMENT_TEAM = D57ZVMDYL2;
				ENABLE_PREVIEWS = YES;
				GENERATE_INFOPLIST_FILE = YES;
				INFOPLIST_KEY_UIApplicationSceneManifest_Generation = YES;
				INFOPLIST_KEY_UIApplicationSupportsIndirectInputEvents = YES;
				INFOPLIST_KEY_UILaunchScreen_Generation = YES;
				INFOPLIST_KEY_UISupportedInterfaceOrientations_iPad = "UIInterfaceOrientationPortrait UIInterfaceOrientationPortraitUpsideDown UIInterfaceOrientationLandscapeLeft UIInterfaceOrientationLandscapeRight";
				INFOPLIST_KEY_UISupportedInterfaceOrientations_iPhone = "UIInterfaceOrientationPortrait UIInterfaceOrientationLandscapeLeft UIInterfaceOrientationLandscapeRight";
				LD_RUNPATH_SEARCH_PATHS = (
					"$(inherited)",
					"@executable_path/Frameworks",
				);
				MARKETING_VERSION = 1.0;
				PRODUCT_BUNDLE_IDENTIFIER = com.mejia.JARVIS;
				PRODUCT_NAME = "$(TARGET_NAME)";
				SWIFT_EMIT_LOC_STRINGS = YES;
				SWIFT_VERSION = 5.0;
				TARGETED_DEVICE_FAMILY = "1,2";
			};
			name = Release;
		};
		0E4990FE2A8158AC00E0D396 /* Debug */ = {
			isa = XCBuildConfiguration;
			buildSettings = {
				ALWAYS_EMBED_SWIFT_STANDARD_LIBRARIES = YES;
				BUNDLE_LOADER = "$(TEST_HOST)";
				CODE_SIGN_STYLE = Automatic;
				CURRENT_PROJECT_VERSION = 1;
				DEVELOPMENT_TEAM = D57ZVMDYL2;
				GENERATE_INFOPLIST_FILE = YES;
				IPHONEOS_DEPLOYMENT_TARGET = 16.4;
				MARKETING_VERSION = 1.0;
				PRODUCT_BUNDLE_IDENTIFIER = com.mejia.JARVISTests;
				PRODUCT_NAME = "$(TARGET_NAME)";
				SWIFT_EMIT_LOC_STRINGS = NO;
				SWIFT_VERSION = 5.0;
				TARGETED_DEVICE_FAMILY = "1,2";
				TEST_HOST = "$(BUILT_PRODUCTS_DIR)/JARVIS.app/$(BUNDLE_EXECUTABLE_FOLDER_PATH)/JARVIS";
			};
			name = Debug;
		};
		0E4990FF2A8158AC00E0D396 /* Release */ = {
			isa = XCBuildConfiguration;
			buildSettings = {
				ALWAYS_EMBED_SWIFT_STANDARD_LIBRARIES = YES;
				BUNDLE_LOADER = "$(TEST_HOST)";
				CODE_SIGN_STYLE = Automatic;
				CURRENT_PROJECT_VERSION = 1;
				DEVELOPMENT_TEAM = D57ZVMDYL2;
				GENERATE_INFOPLIST_FILE = YES;
				IPHONEOS_DEPLOYMENT_TARGET = 16.4;
				MARKETING_VERSION = 1.0;
				PRODUCT_BUNDLE_IDENTIFIER = com.mejia.JARVISTests;
				PRODUCT_NAME = "$(TARGET_NAME)";
				SWIFT_EMIT_LOC_STRINGS = NO;
				SWIFT_VERSION = 5.0;
				TARGETED_DEVICE_FAMILY = "1,2";
				TEST_HOST = "$(BUILT_PRODUCTS_DIR)/JARVIS.app/$(BUNDLE_EXECUTABLE_FOLDER_PATH)/JARVIS";
			};
			name = Release;
		};
		0E4991012A8158AC00E0D396 /* Debug */ = {
			isa = XCBuildConfiguration;
			buildSettings = {
				ALWAYS_EMBED_SWIFT_STANDARD_LIBRARIES = YES;
				CODE_SIGN_STYLE = Automatic;
				CURRENT_PROJECT_VERSION = 1;
				DEVELOPMENT_TEAM = D57ZVMDYL2;
				GENERATE_INFOPLIST_FILE = YES;
				MARKETING_VERSION = 1.0;
				PRODUCT_BUNDLE_IDENTIFIER = com.mejia.JARVISUITests;
				PRODUCT_NAME = "$(TARGET_NAME)";
				SWIFT_EMIT_LOC_STRINGS = NO;
				SWIFT_VERSION = 5.0;
				TARGETED_DEVICE_FAMILY = "1,2";
				TEST_TARGET_NAME = JARVIS;
			};
			name = Debug;
		};
		0E4991022A8158AC00E0D396 /* Release */ = {
			isa = XCBuildConfiguration;
			buildSettings = {
				ALWAYS_EMBED_SWIFT_STANDARD_LIBRARIES = YES;
				CODE_SIGN_STYLE = Automatic;
				CURRENT_PROJECT_VERSION = 1;
				DEVELOPMENT_TEAM = D57ZVMDYL2;
				GENERATE_INFOPLIST_FILE = YES;
				MARKETING_VERSION = 1.0;
				PRODUCT_BUNDLE_IDENTIFIER = com.mejia.JARVISUITests;
				PRODUCT_NAME = "$(TARGET_NAME)";
				SWIFT_EMIT_LOC_STRINGS = NO;
				SWIFT_VERSION = 5.0;
				TARGETED_DEVICE_FAMILY = "1,2";
				TEST_TARGET_NAME = JARVIS;
			};
			name = Release;
		};
/* End XCBuildConfiguration section */

/* Begin XCConfigurationList section */
		0E4990D12A8158A800E0D396 /* Build configuration list for PBXProject "JARVIS" */ = {
			isa = XCConfigurationList;
			buildConfigurations = (
				0E4990F82A8158AC00E0D396 /* Debug */,
				0E4990F92A8158AC00E0D396 /* Release */,
			);
			defaultConfigurationIsVisible = 0;
			defaultConfigurationName = Release;
		};
		0E4990FA2A8158AC00E0D396 /* Build configuration list for PBXNativeTarget "JARVIS" */ = {
			isa = XCConfigurationList;
			buildConfigurations = (
				0E4990FB2A8158AC00E0D396 /* Debug */,
				0E4990FC2A8158AC00E0D396 /* Release */,
			);
			defaultConfigurationIsVisible = 0;
			defaultConfigurationName = Release;
		};
		0E4990FD2A8158AC00E0D396 /* Build configuration list for PBXNativeTarget "JARVISTests" */ = {
			isa = XCConfigurationList;
			buildConfigurations = (
				0E4990FE2A8158AC00E0D396 /* Debug */,
				0E4990FF2A8158AC00E0D396 /* Release */,
			);
			defaultConfigurationIsVisible = 0;
			defaultConfigurationName = Release;
		};
		0E4991002A8158AC00E0D396 /* Build configuration list for PBXNativeTarget "JARVISUITests" */ = {
			isa = XCConfigurationList;
			buildConfigurations = (
				0E4991012A8158AC00E0D396 /* Debug */,
				0E4991022A8158AC00E0D396 /* Release */,
			);
			defaultConfigurationIsVisible = 0;
			defaultConfigurationName = Release;
		};
/* End XCConfigurationList section */

/* Begin XCRemoteSwiftPackageReference section */
		0E4991032A815A5600E0D396 /* XCRemoteSwiftPackageReference "SwiftOpenAI" */ = {
			isa = XCRemoteSwiftPackageReference;
			repositoryURL = "https://github.com/SwiftBeta/SwiftOpenAI.git";
			requirement = {
				kind = upToNextMajorVersion;
				minimumVersion = 0.9.0;
			};
		};
/* End XCRemoteSwiftPackageReference section */

/* Begin XCSwiftPackageProductDependency section */
		0E4991042A815A5600E0D396 /* SwiftOpenAI */ = {
			isa = XCSwiftPackageProductDependency;
			package = 0E4991032A815A5600E0D396 /* XCRemoteSwiftPackageReference "SwiftOpenAI" */;
			productName = SwiftOpenAI;
		};
/* End XCSwiftPackageProductDependency section */
	};
	rootObject = 0E4990CE2A8158A800E0D396 /* Project object */;
}
